<?xml version="1.0" encoding="utf-8"?>
<Project ToolsVersion="4.0" xmlns="http://schemas.microsoft.com/developer/msbuild/2003">
  <ItemGroup>
    <Filter Include="Source Files">
      <UniqueIdentifier>{4FC737F1-C7A5-4376-A066-2A32D752A2FF}</UniqueIdentifier>
      <Extensions>cpp;c;cc;cxx;def;odl;idl;hpj;bat;asm;asmx</Extensions>
    </Filter>
    <Filter Include="Header Files">
      <UniqueIdentifier>{93995380-89BD-4b04-88EB-625FBE52EBFB}</UniqueIdentifier>
      <Extensions>h;hpp;hxx;hm;inl;inc;xsd</Extensions>
    </Filter>
    <Filter Include="Resource Files">
      <UniqueIdentifier>{67DA6AB6-F800-4c08-8B7A-83BB121AAD01}</UniqueIdentifier>
      <Extensions>rc;ico;cur;bmp;dlg;rc2;rct;bin;rgs;gif;jpg;jpeg;jpe;resx;tiff;tif;png;wav;mfcribbon-ms</Extensions>
    </Filter>
  </ItemGroup>
  <ItemGroup>
    <ClInclude Include="src\StellarMobile.h">
      <Filter>Header Files</Filter>
    </ClInclude>
    <ClInclude Include="src\rapidjson\include\rapidjson\document.h">
      <Filter>Header Files</Filter>
    </ClInclude>
    <ClInclude Include="src\rapidjson\include\rapidjson\filestream.h">
      <Filter>Header Files</Filter>
    </ClInclude>
    <ClInclude Include="src\rapidjson\include\rapidjson\prettywriter.h">
      <Filter>Header Files</Filter>
    </ClInclude>
    <ClInclude Include="src\rapidjson\include\rapidjson\rapidjson.h">
      <Filter>Header Files</Filter>
    </ClInclude>
    <ClInclude Include="src\rapidjson\include\rapidjson\reader.h">
      <Filter>Header Files</Filter>
    </ClInclude>
    <ClInclude Include="src\rapidjson\include\rapidjson\stringbuffer.h">
      <Filter>Header Files</Filter>
    </ClInclude>
    <ClInclude Include="src\rapidjson\include\rapidjson\writer.h">
      <Filter>Header Files</Filter>
    </ClInclude>
    <ClInclude Include="src\Utils\Helper.h">
      <Filter>Header Files</Filter>
    </ClInclude>
    <ClInclude Include="src\Utils\ErrorCategory.h">
      <Filter>Header Files</Filter>
    </ClInclude>
    <ClInclude Include="src\Utils\JSS.h">
      <Filter>Header Files</Filter>
    </ClInclude>
    <ClInclude Include="src\Utils\CurlReader.h">
      <Filter>Header Files</Filter>
    </ClInclude>
    <ClInclude Include="src\Utils\Config.h">
      <Filter>Header Files</Filter>
    </ClInclude>
    <ClInclude Include="src\rapidjson\include\rapidjson\allocators.h">
      <Filter>Header Files</Filter>
    </ClInclude>
    <ClInclude Include="src\rapidjson\include\rapidjson\encodedstream.h">
      <Filter>Header Files</Filter>
    </ClInclude>
    <ClInclude Include="src\rapidjson\include\rapidjson\encodings.h">
      <Filter>Header Files</Filter>
    </ClInclude>
    <ClInclude Include="src\rapidjson\include\rapidjson\filereadstream.h">
      <Filter>Header Files</Filter>
    </ClInclude>
    <ClInclude Include="src\rapidjson\include\rapidjson\filewritestream.h">
      <Filter>Header Files</Filter>
    </ClInclude>
    <ClInclude Include="src\rapidjson\include\rapidjson\memorybuffer.h">
      <Filter>Header Files</Filter>
    </ClInclude>
    <ClInclude Include="src\rapidjson\include\rapidjson\memorystream.h">
      <Filter>Header Files</Filter>
    </ClInclude>
    <ClInclude Include="src\ripple\types\api\strHex.h">
      <Filter>Header Files</Filter>
    </ClInclude>
    <ClInclude Include="src\ripple_basics\utility\StringUtilities.h">
      <Filter>Header Files</Filter>
    </ClInclude>
    <ClInclude Include="src\ripple\types\api\RippleAccountID.h">
      <Filter>Header Files</Filter>
    </ClInclude>
    <ClInclude Include="src\ripple\types\api\RippleAccountPrivateKey.h">
      <Filter>Header Files</Filter>
    </ClInclude>
    <ClInclude Include="src\ripple\types\api\RippleAccountPublicKey.h">
      <Filter>Header Files</Filter>
    </ClInclude>
    <ClInclude Include="src\ripple\types\api\RipplePrivateKey.h">
      <Filter>Header Files</Filter>
    </ClInclude>
    <ClInclude Include="src\ripple\types\api\RipplePublicKey.h">
      <Filter>Header Files</Filter>
    </ClInclude>
    <ClInclude Include="src\ripple\types\api\RipplePublicKeyHash.h">
      <Filter>Header Files</Filter>
    </ClInclude>
    <ClInclude Include="src\ripple\types\api\UInt160.h">
      <Filter>Header Files</Filter>
    </ClInclude>
    <ClInclude Include="src\ripple\types\api\SimpleIdentifier.h">
      <Filter>Header Files</Filter>
    </ClInclude>
    <ClInclude Include="src\ripple\types\api\Base58.h">
      <Filter>Header Files</Filter>
    </ClInclude>
    <ClInclude Include="src\ripple\types\api\Blob.h">
      <Filter>Header Files</Filter>
    </ClInclude>
    <ClInclude Include="src\ripple\types\api\ByteOrder.h">
      <Filter>Header Files</Filter>
    </ClInclude>
    <ClInclude Include="src\beast\beast\container\hardened_hash.h">
      <Filter>Header Files</Filter>
    </ClInclude>
    <ClInclude Include="src\beast\beast\container\hash_append.h">
      <Filter>Header Files</Filter>
    </ClInclude>
    <ClInclude Include="src\beast\beast\cxx14\type_traits.h">
      <Filter>Header Files</Filter>
    </ClInclude>
    <ClInclude Include="src\beast\beast\cxx14\utility.h">
      <Filter>Header Files</Filter>
    </ClInclude>
    <ClInclude Include="src\beast\beast\utility\noexcept.h">
      <Filter>Header Files</Filter>
    </ClInclude>
    <ClInclude Include="src\beast\beast\container\impl\spookyv2.h">
      <Filter>Header Files</Filter>
    </ClInclude>
    <ClInclude Include="src\beast\beast\utility\meta.h">
      <Filter>Header Files</Filter>
    </ClInclude>
    <ClInclude Include="src\beast\beast\cxx14\config.h">
      <Filter>Header Files</Filter>
    </ClInclude>
    <ClInclude Include="src\ripple\types\api\CryptoIdentifier.h">
      <Filter>Header Files</Filter>
    </ClInclude>
    <ClInclude Include="src\ripple\types\api\IdentifierStorage.h">
      <Filter>Header Files</Filter>
    </ClInclude>
    <ClInclude Include="src\beast\beast\config\CompilerConfig.h">
      <Filter>Header Files</Filter>
    </ClInclude>
    <ClInclude Include="src\beast\beast\config\ConfigCheck.h">
      <Filter>Header Files</Filter>
    </ClInclude>
    <ClInclude Include="src\beast\beast\config\ContractChecks.h">
      <Filter>Header Files</Filter>
    </ClInclude>
    <ClInclude Include="src\beast\beast\config\PlatformConfig.h">
      <Filter>Header Files</Filter>
    </ClInclude>
    <ClInclude Include="src\beast\beast\config\SelectPlatformConfig.h">
      <Filter>Header Files</Filter>
    </ClInclude>
    <ClInclude Include="src\beast\beast\config\SelectCompilerConfig.h">
      <Filter>Header Files</Filter>
    </ClInclude>
    <ClInclude Include="src\beast\beast\config\SelectStdlibConfig.h">
      <Filter>Header Files</Filter>
    </ClInclude>
    <ClInclude Include="src\beast\beast\config\StandardConfig.h">
      <Filter>Header Files</Filter>
    </ClInclude>
    <ClInclude Include="src\beast\beast\config\Suffix.h">
      <Filter>Header Files</Filter>
    </ClInclude>
    <ClInclude Include="src\beast\beast\config\platform\Android.h">
      <Filter>Header Files</Filter>
    </ClInclude>
    <ClInclude Include="src\beast\beast\config\platform\Bsd.h">
      <Filter>Header Files</Filter>
    </ClInclude>
    <ClInclude Include="src\beast\beast\config\platform\Linux.h">
      <Filter>Header Files</Filter>
    </ClInclude>
    <ClInclude Include="src\beast\beast\config\platform\MacOS.h">
      <Filter>Header Files</Filter>
    </ClInclude>
    <ClInclude Include="src\beast\beast\config\platform\Win32.h">
      <Filter>Header Files</Filter>
    </ClInclude>
    <ClInclude Include="src\beast\beast\config\compiler\Clang.h">
      <Filter>Header Files</Filter>
    </ClInclude>
    <ClInclude Include="src\beast\beast\config\compiler\Gcc.h">
      <Filter>Header Files</Filter>
    </ClInclude>
    <ClInclude Include="src\beast\beast\config\compiler\Intel.h">
      <Filter>Header Files</Filter>
    </ClInclude>
    <ClInclude Include="src\beast\beast\config\compiler\VisualC.h">
      <Filter>Header Files</Filter>
    </ClInclude>
    <ClInclude Include="src\beast\beast\Config.h">
      <Filter>Header Files</Filter>
    </ClInclude>
    <ClInclude Include="src\beast\beast\ByteOrder.h">
      <Filter>Header Files</Filter>
    </ClInclude>
    <ClInclude Include="src\beast\beast\StaticAssert.h">
      <Filter>Header Files</Filter>
    </ClInclude>
    <ClInclude Include="src\beast\beast\Uncopyable.h">
      <Filter>Header Files</Filter>
    </ClInclude>
    <ClInclude Include="src\beast\beast\Version.h">
      <Filter>Header Files</Filter>
    </ClInclude>
    <ClInclude Include="src\ripple\types\api\IdentifierType.h">
      <Filter>Header Files</Filter>
    </ClInclude>
    <ClInclude Include="src\ripple\types\api\HashMaps.h">
      <Filter>Header Files</Filter>
    </ClInclude>
    <ClInclude Include="src\ripple_data\protocol\TxFlags.h">
      <Filter>Header Files</Filter>
    </ClInclude>
  </ItemGroup>
  <ItemGroup>
    <ClCompile Include="src\impl\StellarMobile.cpp">
      <Filter>Source Files</Filter>
    </ClCompile>
    <ClCompile Include="src\Utils\Helper.cpp">
      <Filter>Source Files</Filter>
    </ClCompile>
    <ClCompile Include="src\Utils\ErrorCategory.cpp">
      <Filter>Source Files</Filter>
    </ClCompile>
    <ClCompile Include="src\Utils\CurlReader.cpp">
      <Filter>Source Files</Filter>
    </ClCompile>
    <ClCompile Include="src\Utils\JSS.cpp">
      <Filter>Source Files</Filter>
    </ClCompile>
    <ClCompile Include="src\Main.cpp">
      <Filter>Source Files</Filter>
    </ClCompile>
    <ClCompile Include="src\Utils\Config.cpp">
      <Filter>Source Files</Filter>
    </ClCompile>
    <ClCompile Include="src\impl\Submit.cpp">
      <Filter>Source Files</Filter>
    </ClCompile>
    <ClCompile Include="src\ripple_basics\utility\StringUtilities.cpp">
      <Filter>Source Files</Filter>
    </ClCompile>
    <ClCompile Include="src\ripple\types\impl\strHex.cpp">
      <Filter>Source Files</Filter>
    </ClCompile>
    <ClCompile Include="src\ripple\types\impl\UInt160.cpp">
      <Filter>Source Files</Filter>
    </ClCompile>
    <ClCompile Include="src\beast\beast\container\impl\spookyv2.cpp">
      <Filter>Source Files</Filter>
    </ClCompile>
  </ItemGroup>
  <ItemGroup>
    <None Include="stellar-mobile.cfg" />
    <None Include="cacert.pem" />
  </ItemGroup>
</Project>