<?xml version="1.0" encoding="utf-8"?>
<Project ToolsVersion="4.0" xmlns="http://schemas.microsoft.com/developer/msbuild/2003">
  <ItemGroup>
    <Filter Include="Source Files">
      <UniqueIdentifier>{4FC737F1-C7A5-4376-A066-2A32D752A2FF}</UniqueIdentifier>
      <Extensions>cpp;c;cc;cxx;def;odl;idl;hpj;bat;asm;asmx</Extensions>
    </Filter>
    <Filter Include="Header Files">
      <UniqueIdentifier>{93995380-89BD-4b04-88EB-625FBE52EBFB}</UniqueIdentifier>
      <Extensions>h;hpp;hxx;hm;inl;inc;xsd</Extensions>
    </Filter>
    <Filter Include="Resource Files">
      <UniqueIdentifier>{67DA6AB6-F800-4c08-8B7A-83BB121AAD01}</UniqueIdentifier>
      <Extensions>rc;ico;cur;bmp;dlg;rc2;rct;bin;rgs;gif;jpg;jpeg;jpe;resx;tiff;tif;png;wav;mfcribbon-ms</Extensions>
    </Filter>
  </ItemGroup>
  <ItemGroup>
    <ClInclude Include="src\StellarMobile.h">
      <Filter>Header Files</Filter>
    </ClInclude>
    <ClInclude Include="src\rapidjson\include\rapidjson\document.h">
      <Filter>Header Files</Filter>
    </ClInclude>
    <ClInclude Include="src\rapidjson\include\rapidjson\filestream.h">
      <Filter>Header Files</Filter>
    </ClInclude>
    <ClInclude Include="src\rapidjson\include\rapidjson\prettywriter.h">
      <Filter>Header Files</Filter>
    </ClInclude>
    <ClInclude Include="src\rapidjson\include\rapidjson\rapidjson.h">
      <Filter>Header Files</Filter>
    </ClInclude>
    <ClInclude Include="src\rapidjson\include\rapidjson\reader.h">
      <Filter>Header Files</Filter>
    </ClInclude>
    <ClInclude Include="src\rapidjson\include\rapidjson\stringbuffer.h">
      <Filter>Header Files</Filter>
    </ClInclude>
    <ClInclude Include="src\rapidjson\include\rapidjson\writer.h">
      <Filter>Header Files</Filter>
    </ClInclude>
    <ClInclude Include="src\Utils\Helper.h">
      <Filter>Header Files</Filter>
    </ClInclude>
    <ClInclude Include="src\Utils\ErrorCategory.h">
      <Filter>Header Files</Filter>
    </ClInclude>
    <ClInclude Include="src\Utils\JSS.h">
      <Filter>Header Files</Filter>
    </ClInclude>
    <ClInclude Include="src\Utils\CurlReader.h">
      <Filter>Header Files</Filter>
    </ClInclude>
    <ClInclude Include="src\Utils\Config.h">
      <Filter>Header Files</Filter>
    </ClInclude>
    <ClInclude Include="src\rapidjson\include\rapidjson\allocators.h">
      <Filter>Header Files</Filter>
    </ClInclude>
    <ClInclude Include="src\rapidjson\include\rapidjson\encodedstream.h">
      <Filter>Header Files</Filter>
    </ClInclude>
    <ClInclude Include="src\rapidjson\include\rapidjson\encodings.h">
      <Filter>Header Files</Filter>
    </ClInclude>
    <ClInclude Include="src\rapidjson\include\rapidjson\filereadstream.h">
      <Filter>Header Files</Filter>
    </ClInclude>
    <ClInclude Include="src\rapidjson\include\rapidjson\filewritestream.h">
      <Filter>Header Files</Filter>
    </ClInclude>
    <ClInclude Include="src\rapidjson\include\rapidjson\memorybuffer.h">
      <Filter>Header Files</Filter>
    </ClInclude>
    <ClInclude Include="src\rapidjson\include\rapidjson\memorystream.h">
      <Filter>Header Files</Filter>
    </ClInclude>
    <ClInclude Include="src\beast\beast\container\hardened_hash.h">
      <Filter>Header Files</Filter>
    </ClInclude>
    <ClInclude Include="src\beast\beast\container\hash_append.h">
      <Filter>Header Files</Filter>
    </ClInclude>
    <ClInclude Include="src\beast\beast\cxx14\type_traits.h">
      <Filter>Header Files</Filter>
    </ClInclude>
    <ClInclude Include="src\beast\beast\cxx14\utility.h">
      <Filter>Header Files</Filter>
    </ClInclude>
    <ClInclude Include="src\beast\beast\utility\noexcept.h">
      <Filter>Header Files</Filter>
    </ClInclude>
    <ClInclude Include="src\beast\beast\container\impl\spookyv2.h">
      <Filter>Header Files</Filter>
    </ClInclude>
    <ClInclude Include="src\beast\beast\utility\meta.h">
      <Filter>Header Files</Filter>
    </ClInclude>
    <ClInclude Include="src\beast\beast\cxx14\config.h">
      <Filter>Header Files</Filter>
    </ClInclude>
    <ClInclude Include="src\beast\beast\config\CompilerConfig.h">
      <Filter>Header Files</Filter>
    </ClInclude>
    <ClInclude Include="src\beast\beast\config\ConfigCheck.h">
      <Filter>Header Files</Filter>
    </ClInclude>
    <ClInclude Include="src\beast\beast\config\ContractChecks.h">
      <Filter>Header Files</Filter>
    </ClInclude>
    <ClInclude Include="src\beast\beast\config\PlatformConfig.h">
      <Filter>Header Files</Filter>
    </ClInclude>
    <ClInclude Include="src\beast\beast\config\SelectPlatformConfig.h">
      <Filter>Header Files</Filter>
    </ClInclude>
    <ClInclude Include="src\beast\beast\config\SelectCompilerConfig.h">
      <Filter>Header Files</Filter>
    </ClInclude>
    <ClInclude Include="src\beast\beast\config\SelectStdlibConfig.h">
      <Filter>Header Files</Filter>
    </ClInclude>
    <ClInclude Include="src\beast\beast\config\StandardConfig.h">
      <Filter>Header Files</Filter>
    </ClInclude>
    <ClInclude Include="src\beast\beast\config\Suffix.h">
      <Filter>Header Files</Filter>
    </ClInclude>
    <ClInclude Include="src\beast\beast\config\platform\Android.h">
      <Filter>Header Files</Filter>
    </ClInclude>
    <ClInclude Include="src\beast\beast\config\platform\Bsd.h">
      <Filter>Header Files</Filter>
    </ClInclude>
    <ClInclude Include="src\beast\beast\config\platform\Linux.h">
      <Filter>Header Files</Filter>
    </ClInclude>
    <ClInclude Include="src\beast\beast\config\platform\MacOS.h">
      <Filter>Header Files</Filter>
    </ClInclude>
    <ClInclude Include="src\beast\beast\config\platform\Win32.h">
      <Filter>Header Files</Filter>
    </ClInclude>
    <ClInclude Include="src\beast\beast\config\compiler\Clang.h">
      <Filter>Header Files</Filter>
    </ClInclude>
    <ClInclude Include="src\beast\beast\config\compiler\Gcc.h">
      <Filter>Header Files</Filter>
    </ClInclude>
    <ClInclude Include="src\beast\beast\config\compiler\Intel.h">
      <Filter>Header Files</Filter>
    </ClInclude>
    <ClInclude Include="src\beast\beast\config\compiler\VisualC.h">
      <Filter>Header Files</Filter>
    </ClInclude>
    <ClInclude Include="src\beast\beast\Config.h">
      <Filter>Header Files</Filter>
    </ClInclude>
    <ClInclude Include="src\beast\beast\ByteOrder.h">
      <Filter>Header Files</Filter>
    </ClInclude>
    <ClInclude Include="src\beast\beast\StaticAssert.h">
      <Filter>Header Files</Filter>
    </ClInclude>
    <ClInclude Include="src\beast\beast\Uncopyable.h">
      <Filter>Header Files</Filter>
    </ClInclude>
    <ClInclude Include="src\beast\beast\Version.h">
      <Filter>Header Files</Filter>
    </ClInclude>
    <ClInclude Include="src\beast\modules\beast_core\text\LexicalCast.h">
      <Filter>Header Files</Filter>
    </ClInclude>
    <ClInclude Include="src\BeastConfig.h">
      <Filter>Header Files</Filter>
    </ClInclude>
    <ClInclude Include="src\beast\beast\Memory.h">
      <Filter>Header Files</Filter>
    </ClInclude>
    <ClInclude Include="src\beast\beast\utility\PropertyStream.h">
      <Filter>Header Files</Filter>
    </ClInclude>
    <ClInclude Include="src\beast\beast\intrusive\List.h">
      <Filter>Header Files</Filter>
    </ClInclude>
    <ClInclude Include="src\beast\beast\Atomic.h">
      <Filter>Header Files</Filter>
    </ClInclude>
    <ClInclude Include="src\beast\beast\Arithmetic.h">
      <Filter>Header Files</Filter>
    </ClInclude>
    <ClInclude Include="src\beast\beast\HeapBlock.h">
      <Filter>Header Files</Filter>
    </ClInclude>
    <ClInclude Include="src\beast\beast\utility\Journal.h">
      <Filter>Header Files</Filter>
    </ClInclude>
    <ClInclude Include="src\beast\modules\beast_core\memory\SharedSingleton.h">
      <Filter>Header Files</Filter>
    </ClInclude>
    <ClInclude Include="src\beast\modules\beast_core\time\Time.h">
      <Filter>Header Files</Filter>
    </ClInclude>
    <ClInclude Include="src\beast\beast\chrono\RelativeTime.h">
      <Filter>Header Files</Filter>
    </ClInclude>
    <ClInclude Include="src\beast\beast\utility\LeakChecked.h">
      <Filter>Header Files</Filter>
    </ClInclude>
    <ClInclude Include="src\beast\beast\utility\StaticObject.h">
      <Filter>Header Files</Filter>
    </ClInclude>
    <ClInclude Include="src\beast\modules\beast_core\logging\Logger.h">
      <Filter>Header Files</Filter>
    </ClInclude>
    <ClInclude Include="src\beast\modules\beast_core\streams\OutputStream.h">
      <Filter>Header Files</Filter>
    </ClInclude>
    <ClInclude Include="src\beast\beast\intrusive\LockFreeStack.h">
      <Filter>Header Files</Filter>
    </ClInclude>
    <ClInclude Include="src\beast\modules\beast_core\containers\Array.h">
      <Filter>Header Files</Filter>
    </ClInclude>
    <ClInclude Include="src\beast\modules\beast_core\containers\ArrayAllocationBase.h">
      <Filter>Header Files</Filter>
    </ClInclude>
    <ClInclude Include="src\beast\modules\beast_core\containers\ElementComparator.h">
      <Filter>Header Files</Filter>
    </ClInclude>
    <ClInclude Include="src\beast\modules\beast_core\threads\CriticalSection.h">
      <Filter>Header Files</Filter>
    </ClInclude>
    <ClInclude Include="src\beast\modules\beast_core\threads\ScopedLock.h">
      <Filter>Header Files</Filter>
    </ClInclude>
    <ClInclude Include="src\beast\modules\beast_core\streams\InputStream.h">
      <Filter>Header Files</Filter>
    </ClInclude>
    <ClInclude Include="src\beast\modules\beast_core\memory\MemoryBlock.h">
      <Filter>Header Files</Filter>
    </ClInclude>
    <ClInclude Include="src\beast\modules\beast_core\time\AtExitHook.h">
      <Filter>Header Files</Filter>
    </ClInclude>
    <ClInclude Include="src\beast\modules\beast_core\files\File.h">
      <Filter>Header Files</Filter>
    </ClInclude>
    <ClInclude Include="src\beast\modules\beast_core\misc\Result.h">
      <Filter>Header Files</Filter>
    </ClInclude>
    <ClInclude Include="src\beast\modules\beast_core\text\StringArray.h">
      <Filter>Header Files</Filter>
    </ClInclude>
    <ClInclude Include="src\beast\modules\beast_core\files\FileOutputStream.h">
      <Filter>Header Files</Filter>
    </ClInclude>
    <ClInclude Include="src\beast\modules\beast_core\files\DirectoryIterator.h">
      <Filter>Header Files</Filter>
    </ClInclude>
    <ClInclude Include="src\beast\modules\beast_core\files\FileInputStream.h">
      <Filter>Header Files</Filter>
    </ClInclude>
    <ClInclude Include="src\beast\modules\beast_core\system\FunctionalIncludes.h">
      <Filter>Header Files</Filter>
    </ClInclude>
    <ClInclude Include="src\beast\modules\beast_core\threads\Process.h">
      <Filter>Header Files</Filter>
    </ClInclude>
    <ClInclude Include="src\beast\modules\beast_core\files\TemporaryFile.h">
      <Filter>Header Files</Filter>
    </ClInclude>
    <ClInclude Include="src\beast\modules\beast_core\maths\Random.h">
      <Filter>Header Files</Filter>
    </ClInclude>
    <ClInclude Include="src\beast\modules\beast_core\beast_core.h">
      <Filter>Header Files</Filter>
    </ClInclude>
    <ClInclude Include="src\beast\beast\SmartPtr.h">
      <Filter>Header Files</Filter>
    </ClInclude>
    <ClInclude Include="src\beast\beast\Strings.h">
      <Filter>Header Files</Filter>
    </ClInclude>
    <ClInclude Include="src\beast\beast\Threads.h">
      <Filter>Header Files</Filter>
    </ClInclude>
    <ClInclude Include="src\beast\beast\crypto\MurmurHash.h">
      <Filter>Header Files</Filter>
    </ClInclude>
    <ClInclude Include="src\beast\beast\crypto\Sha256.h">
      <Filter>Header Files</Filter>
    </ClInclude>
    <ClInclude Include="src\beast\beast\smart_ptr\ContainerDeletePolicy.h">
      <Filter>Header Files</Filter>
    </ClInclude>
    <ClInclude Include="src\beast\beast\smart_ptr\ScopedPointer.h">
      <Filter>Header Files</Filter>
    </ClInclude>
    <ClInclude Include="src\beast\beast\smart_ptr\SharedObject.h">
      <Filter>Header Files</Filter>
    </ClInclude>
    <ClInclude Include="src\beast\beast\smart_ptr\SharedPtr.h">
      <Filter>Header Files</Filter>
    </ClInclude>
    <ClInclude Include="src\beast\beast\strings\CharacterFunctions.h">
      <Filter>Header Files</Filter>
    </ClInclude>
    <ClInclude Include="src\beast\beast\strings\CharPointer_ASCII.h">
      <Filter>Header Files</Filter>
    </ClInclude>
    <ClInclude Include="src\beast\beast\strings\CharPointer_UTF8.h">
      <Filter>Header Files</Filter>
    </ClInclude>
    <ClInclude Include="src\beast\beast\strings\CharPointer_UTF16.h">
      <Filter>Header Files</Filter>
    </ClInclude>
    <ClInclude Include="src\beast\beast\strings\CharPointer_UTF32.h">
      <Filter>Header Files</Filter>
    </ClInclude>
    <ClInclude Include="src\beast\beast\strings\NewLine.h">
      <Filter>Header Files</Filter>
    </ClInclude>
    <ClInclude Include="src\beast\beast\strings\String.h">
      <Filter>Header Files</Filter>
    </ClInclude>
    <ClInclude Include="src\beast\beast\strings\StringCharPointerType.h">
      <Filter>Header Files</Filter>
    </ClInclude>
    <ClInclude Include="src\beast\beast\strings\StringFromNumber.h">
      <Filter>Header Files</Filter>
    </ClInclude>
    <ClInclude Include="src\beast\beast\threads\RecursiveMutex.h">
      <Filter>Header Files</Filter>
    </ClInclude>
    <ClInclude Include="src\beast\beast\threads\SharedData.h">
      <Filter>Header Files</Filter>
    </ClInclude>
    <ClInclude Include="src\beast\beast\threads\SharedLockGuard.h">
      <Filter>Header Files</Filter>
    </ClInclude>
    <ClInclude Include="src\beast\beast\threads\SharedMutexAdapter.h">
      <Filter>Header Files</Filter>
    </ClInclude>
    <ClInclude Include="src\beast\beast\threads\Thread.h">
      <Filter>Header Files</Filter>
    </ClInclude>
    <ClInclude Include="src\beast\beast\threads\TryLockGuard.h">
      <Filter>Header Files</Filter>
    </ClInclude>
    <ClInclude Include="src\beast\beast\threads\UnlockGuard.h">
      <Filter>Header Files</Filter>
    </ClInclude>
    <ClInclude Include="src\beast\beast\threads\WaitableEvent.h">
      <Filter>Header Files</Filter>
    </ClInclude>
    <ClInclude Include="src\beast\beast\Intrusive.h">
      <Filter>Header Files</Filter>
    </ClInclude>
    <ClInclude Include="src\beast\modules\beast_core\diagnostic\FatalError.h">
      <Filter>Header Files</Filter>
    </ClInclude>
    <ClInclude Include="src\beast\modules\beast_core\system\BeforeBoost.h">
      <Filter>Header Files</Filter>
    </ClInclude>
    <ClInclude Include="src\beast\modules\beast_core\system\BoostIncludes.h">
      <Filter>Header Files</Filter>
    </ClInclude>
    <ClInclude Include="src\beast\modules\beast_core\system\BoostPlaceholdersFix.h">
      <Filter>Header Files</Filter>
    </ClInclude>
    <ClInclude Include="src\beast\modules\beast_core\system\Functional.h">
      <Filter>Header Files</Filter>
    </ClInclude>
    <ClInclude Include="src\beast\modules\beast_core\system\StandardIncludes.h">
      <Filter>Header Files</Filter>
    </ClInclude>
    <ClInclude Include="src\beast\modules\beast_core\system\SystemStats.h">
      <Filter>Header Files</Filter>
    </ClInclude>
    <ClInclude Include="src\beast\modules\beast_core\files\RandomAccessFile.h">
      <Filter>Header Files</Filter>
    </ClInclude>
    <ClInclude Include="src\beast\modules\beast_core\misc\WindowsRegistry.h">
      <Filter>Header Files</Filter>
    </ClInclude>
    <ClInclude Include="src\beast\modules\beast_core\threads\DynamicLibrary.h">
      <Filter>Header Files</Filter>
    </ClInclude>
    <ClInclude Include="src\beast\beast\threads\semaphore.h">
      <Filter>Header Files</Filter>
    </ClInclude>
    <ClInclude Include="src\beast\modules\beast_core\streams\MemoryOutputStream.h">
      <Filter>Header Files</Filter>
    </ClInclude>
    <ClInclude Include="src\beast\modules\beast_core\thread\DeadlineTimer.h">
      <Filter>Header Files</Filter>
    </ClInclude>
    <ClInclude Include="src\beast\modules\beast_core\thread\MutexTraits.h">
      <Filter>Header Files</Filter>
    </ClInclude>
    <ClInclude Include="src\beast\modules\beast_core\thread\Workers.h">
      <Filter>Header Files</Filter>
    </ClInclude>
    <ClInclude Include="src\beast\beast\threads\SpinLock.h">
      <Filter>Header Files</Filter>
    </ClInclude>
    <ClInclude Include="src\beast\beast\threads\ThreadLocalValue.h">
      <Filter>Header Files</Filter>
    </ClInclude>
    <ClInclude Include="src\beast\modules\beast_core\files\FileSearchPath.h">
      <Filter>Header Files</Filter>
    </ClInclude>
    <ClInclude Include="src\beast\beast\container\buffer_view.h">
      <Filter>Header Files</Filter>
    </ClInclude>
    <ClInclude Include="src\beast\beast\cxx14\algorithm.h">
      <Filter>Header Files</Filter>
    </ClInclude>
    <ClInclude Include="src\beast\beast\cxx14\functional.h">
      <Filter>Header Files</Filter>
    </ClInclude>
    <ClInclude Include="src\beast\beast\utility\Zero.h">
      <Filter>Header Files</Filter>
    </ClInclude>
    <ClInclude Include="src\beast\beast\cxx14\memory.h">
      <Filter>Header Files</Filter>
    </ClInclude>
    <ClInclude Include="src\beast\modules\beast_core\text\StringPairArray.h">
      <Filter>Header Files</Filter>
    </ClInclude>
    <ClInclude Include="src\beast\beast\cxx14\iterator.h">
      <Filter>Header Files</Filter>
    </ClInclude>
    <ClInclude Include="src\ripple_rpc\impl\TransactionSign.h">
      <Filter>Header Files</Filter>
    </ClInclude>
    <ClInclude Include="src\ripple_app\misc\SerializedTransaction.h">
      <Filter>Header Files</Filter>
    </ClInclude>
    <ClInclude Include="src\ripple_app\tx\Transaction.h">
      <Filter>Header Files</Filter>
    </ClInclude>
  </ItemGroup>
  <ItemGroup>
    <ClCompile Include="src\impl\StellarMobile.cpp">
      <Filter>Source Files</Filter>
    </ClCompile>
    <ClCompile Include="src\Utils\Helper.cpp">
      <Filter>Source Files</Filter>
    </ClCompile>
    <ClCompile Include="src\Utils\ErrorCategory.cpp">
      <Filter>Source Files</Filter>
    </ClCompile>
    <ClCompile Include="src\Utils\CurlReader.cpp">
      <Filter>Source Files</Filter>
    </ClCompile>
    <ClCompile Include="src\Utils\JSS.cpp">
      <Filter>Source Files</Filter>
    </ClCompile>
    <ClCompile Include="src\Main.cpp">
      <Filter>Source Files</Filter>
    </ClCompile>
    <ClCompile Include="src\Utils\Config.cpp">
      <Filter>Source Files</Filter>
    </ClCompile>
    <ClCompile Include="src\impl\Submit.cpp">
      <Filter>Source Files</Filter>
    </ClCompile>
    <ClCompile Include="src\beast\beast\container\impl\spookyv2.cpp">
      <Filter>Source Files</Filter>
    </ClCompile>
    <ClCompile Include="src\impl\MobileTransactionSign.cpp">
      <Filter>Source Files</Filter>
    </ClCompile>
    <ClCompile Include="src\beast\beast\crypto\impl\MurmurHash.cpp">
      <Filter>Source Files</Filter>
    </ClCompile>
    <ClCompile Include="src\beast\beast\crypto\impl\Sha256.cpp">
      <Filter>Source Files</Filter>
    </ClCompile>
    <ClCompile Include="src\ripple_rpc\impl\TransactionSign.cpp">
      <Filter>Source Files</Filter>
    </ClCompile>
    <ClCompile Include="src\ripple\beast\ripple_beast.cpp">
      <Filter>Source Files</Filter>
    </ClCompile>
    <ClCompile Include="src\ripple_basics\ripple_basics.cpp">
      <Filter>Source Files</Filter>
    </ClCompile>
    <ClCompile Include="src\ripple\types\ripple_types.cpp">
      <Filter>Source Files</Filter>
    </ClCompile>
    <ClCompile Include="src\ripple\sslutil\ripple_sslutil.cpp">
      <Filter>Source Files</Filter>
    </ClCompile>
    <ClCompile Include="src\ripple_data\ripple_data.cpp">
      <Filter>Source Files</Filter>
    </ClCompile>
    <ClCompile Include="src\ripple\json\ripple_json.cpp">
      <Filter>Source Files</Filter>
    </ClCompile>
    <ClCompile Include="src\ripple_rpc\ripple_rpc.cpp">
      <Filter>Source Files</Filter>
    </ClCompile>
    <ClCompile Include="src\ripple_data\crypto\EdKeyPair.cpp">
      <Filter>Source Files</Filter>
    </ClCompile>
    <ClCompile Include="src\ripple_app\misc\SerializedTransaction.cpp">
      <Filter>Source Files</Filter>
    </ClCompile>
    <ClCompile Include="src\ripple_app\tx\Transaction.cpp">
      <Filter>Source Files</Filter>
    </ClCompile>
  </ItemGroup>
  <ItemGroup>
    <None Include="stellar-mobile.cfg" />
    <None Include="cacert.pem" />
  </ItemGroup>
</Project>